PODS:
  - Floaty (4.0.1)
  - InteractiveSideMenu (2.3)
  - lottie-ios (2.5.0)
  - MCMHeaderAnimated (0.1.0)
  - MONActivityIndicatorView (0.0.3)
  - PBRevealViewController/Swift (1.2.9)
  - SCLAlertView (0.8)
  - SideMenu (4.0.0)

DEPENDENCIES:
  - Floaty (~> 4.0.0)
  - InteractiveSideMenu
  - lottie-ios
  - MCMHeaderAnimated
  - MONActivityIndicatorView
  - PBRevealViewController/Swift
  - SCLAlertView
  - SideMenu

SPEC REPOS:
  https://github.com/CocoaPods/Specs.git:
    - Floaty
    - InteractiveSideMenu
    - lottie-ios
    - MCMHeaderAnimated
    - MONActivityIndicatorView
    - PBRevealViewController
    - SCLAlertView
    - SideMenu

SPEC CHECKSUMS:
  Floaty: 82854e1a5ef4fa208281ebd4da2f3d1e51ba67a6
  InteractiveSideMenu: d503a508c6d62a4d5d4372d9fb9e1795637a8e45
  lottie-ios: d699fdee68d7b63e721d949388b015fef1aaa4ac
  MCMHeaderAnimated: eae2bd981f3d57b35c64a202f288afb441900a9c
  MONActivityIndicatorView: a00611695de16d956b17d03be25ee49a8effc5f2
  PBRevealViewController: 1ca9d511f1b0be4f6f5ca46046f86251be9cad9a
  SCLAlertView: 6a77bb2edfc65e04dbe57725546cb4107a506b85
  SideMenu: 70ee5657df63ec3382660ec4ef470bf1cf5db07d

PODFILE CHECKSUM: 14be915d94134c5e868c3cc89c09857c6a076a2a

COCOAPODS: 1.5.0
